// !$*UTF8*$!
{
	archiveVersion = 1;
	classes = {
	};
	objectVersion = 46;
	objects = {

/* Begin PBXBuildFile section */
		DFE47F201B1B6A0900F8BE84 /* main.m in Sources */ = {isa = PBXBuildFile; fileRef = DFE47F1F1B1B6A0900F8BE84 /* main.m */; };
		DFE47F231B1B6A0900F8BE84 /* AppDelegate.m in Sources */ = {isa = PBXBuildFile; fileRef = DFE47F221B1B6A0900F8BE84 /* AppDelegate.m */; };
		DFE47F261B1B6A0900F8BE84 /* ViewController.m in Sources */ = {isa = PBXBuildFile; fileRef = DFE47F251B1B6A0900F8BE84 /* ViewController.m */; };
		DFE47F291B1B6A0900F8BE84 /* Main.storyboard in Resources */ = {isa = PBXBuildFile; fileRef = DFE47F271B1B6A0900F8BE84 /* Main.storyboard */; };
		DFE47F2B1B1B6A0900F8BE84 /* Images.xcassets in Resources */ = {isa = PBXBuildFile; fileRef = DFE47F2A1B1B6A0900F8BE84 /* Images.xcassets */; };
		DFE47F2E1B1B6A0900F8BE84 /* LaunchScreen.xib in Resources */ = {isa = PBXBuildFile; fileRef = DFE47F2C1B1B6A0900F8BE84 /* LaunchScreen.xib */; };
		DFE47F3A1B1B6A0900F8BE84 /* AnArmyOfOnesTests.m in Sources */ = {isa = PBXBuildFile; fileRef = DFE47F391B1B6A0900F8BE84 /* AnArmyOfOnesTests.m */; };
/* End PBXBuildFile section */

/* Begin PBXContainerItemProxy section */
		DFE47F341B1B6A0900F8BE84 /* PBXContainerItemProxy */ = {
			isa = PBXContainerItemProxy;
			containerPortal = DFE47F121B1B6A0900F8BE84 /* Project object */;
			proxyType = 1;
			remoteGlobalIDString = DFE47F191B1B6A0900F8BE84;
			remoteInfo = AnArmyOfOnes;
		};
/* End PBXContainerItemProxy section */

/* Begin PBXFileReference section */
		DFE47F1A1B1B6A0900F8BE84 /* AnArmyOfOnes.app */ = {isa = PBXFileReference; explicitFileType = wrapper.application; includeInIndex = 0; path = AnArmyOfOnes.app; sourceTree = BUILT_PRODUCTS_DIR; };
		DFE47F1E1B1B6A0900F8BE84 /* Info.plist */ = {isa = PBXFileReference; lastKnownFileType = text.plist.xml; path = Info.plist; sourceTree = "<group>"; };
		DFE47F1F1B1B6A0900F8BE84 /* main.m */ = {isa = PBXFileReference; lastKnownFileType = sourcecode.c.objc; path = main.m; sourceTree = "<group>"; };
		DFE47F211B1B6A0900F8BE84 /* AppDelegate.h */ = {isa = PBXFileReference; lastKnownFileType = sourcecode.c.h; path = AppDelegate.h; sourceTree = "<group>"; };
		DFE47F221B1B6A0900F8BE84 /* AppDelegate.m */ = {isa = PBXFileReference; lastKnownFileType = sourcecode.c.objc; path = AppDelegate.m; sourceTree = "<group>"; };
		DFE47F241B1B6A0900F8BE84 /* ViewController.h */ = {isa = PBXFileReference; lastKnownFileType = sourcecode.c.h; path = ViewController.h; sourceTree = "<group>"; };
		DFE47F251B1B6A0900F8BE84 /* ViewController.m */ = {isa = PBXFileReference; lastKnownFileType = sourcecode.c.objc; path = ViewController.m; sourceTree = "<group>"; };
		DFE47F281B1B6A0900F8BE84 /* Base */ = {isa = PBXFileReference; lastKnownFileType = file.storyboard; name = Base; path = Base.lproj/Main.storyboard; sourceTree = "<group>"; };
		DFE47F2A1B1B6A0900F8BE84 /* Images.xcassets */ = {isa = PBXFileReference; lastKnownFileType = folder.assetcatalog; path = Images.xcassets; sourceTree = "<group>"; };
		DFE47F2D1B1B6A0900F8BE84 /* Base */ = {isa = PBXFileReference; lastKnownFileType = file.xib; name = Base; path = Base.lproj/LaunchScreen.xib; sourceTree = "<group>"; };
		DFE47F331B1B6A0900F8BE84 /* AnArmyOfOnesTests.xctest */ = {isa = PBXFileReference; explicitFileType = wrapper.cfbundle; includeInIndex = 0; path = AnArmyOfOnesTests.xctest; sourceTree = BUILT_PRODUCTS_DIR; };
		DFE47F381B1B6A0900F8BE84 /* Info.plist */ = {isa = PBXFileReference; lastKnownFileType = text.plist.xml; path = Info.plist; sourceTree = "<group>"; };
		DFE47F391B1B6A0900F8BE84 /* AnArmyOfOnesTests.m */ = {isa = PBXFileReference; lastKnownFileType = sourcecode.c.objc; path = AnArmyOfOnesTests.m; sourceTree = "<group>"; };
/* End PBXFileReference section */

/* Begin PBXFrameworksBuildPhase section */
		DFE47F171B1B6A0900F8BE84 /* Frameworks */ = {
			isa = PBXFrameworksBuildPhase;
			buildActionMask = 2147483647;
			files = (
			);
			runOnlyForDeploymentPostprocessing = 0;
		};
		DFE47F301B1B6A0900F8BE84 /* Frameworks */ = {
			isa = PBXFrameworksBuildPhase;
			buildActionMask = 2147483647;
			files = (
			);
			runOnlyForDeploymentPostprocessing = 0;
		};
/* End PBXFrameworksBuildPhase section */

/* Begin PBXGroup section */
		DFE47F111B1B6A0900F8BE84 = {
			isa = PBXGroup;
			children = (
				DFE47F1C1B1B6A0900F8BE84 /* AnArmyOfOnes */,
				DFE47F361B1B6A0900F8BE84 /* AnArmyOfOnesTests */,
				DFE47F1B1B1B6A0900F8BE84 /* Products */,
			);
			sourceTree = "<group>";
		};
		DFE47F1B1B1B6A0900F8BE84 /* Products */ = {
			isa = PBXGroup;
			children = (
				DFE47F1A1B1B6A0900F8BE84 /* AnArmyOfOnes.app */,
				DFE47F331B1B6A0900F8BE84 /* AnArmyOfOnesTests.xctest */,
			);
			name = Products;
			sourceTree = "<group>";
		};
		DFE47F1C1B1B6A0900F8BE84 /* AnArmyOfOnes */ = {
			isa = PBXGroup;
			children = (
				DFE47F211B1B6A0900F8BE84 /* AppDelegate.h */,
				DFE47F221B1B6A0900F8BE84 /* AppDelegate.m */,
				DFE47F241B1B6A0900F8BE84 /* ViewController.h */,
				DFE47F251B1B6A0900F8BE84 /* ViewController.m */,
				DFE47F271B1B6A0900F8BE84 /* Main.storyboard */,
				DFE47F2A1B1B6A0900F8BE84 /* Images.xcassets */,
				DFE47F2C1B1B6A0900F8BE84 /* LaunchScreen.xib */,
				DFE47F1D1B1B6A0900F8BE84 /* Supporting Files */,
			);
			path = AnArmyOfOnes;
			sourceTree = "<group>";
		};
		DFE47F1D1B1B6A0900F8BE84 /* Supporting Files */ = {
			isa = PBXGroup;
			children = (
				DFE47F1E1B1B6A0900F8BE84 /* Info.plist */,
				DFE47F1F1B1B6A0900F8BE84 /* main.m */,
			);
			name = "Supporting Files";
			sourceTree = "<group>";
		};
		DFE47F361B1B6A0900F8BE84 /* AnArmyOfOnesTests */ = {
			isa = PBXGroup;
			children = (
				DFE47F391B1B6A0900F8BE84 /* AnArmyOfOnesTests.m */,
				DFE47F371B1B6A0900F8BE84 /* Supporting Files */,
			);
			path = AnArmyOfOnesTests;
			sourceTree = "<group>";
		};
		DFE47F371B1B6A0900F8BE84 /* Supporting Files */ = {
			isa = PBXGroup;
			children = (
				DFE47F381B1B6A0900F8BE84 /* Info.plist */,
			);
			name = "Supporting Files";
			sourceTree = "<group>";
		};
/* End PBXGroup section */

/* Begin PBXNativeTarget section */
		DFE47F191B1B6A0900F8BE84 /* AnArmyOfOnes */ = {
			isa = PBXNativeTarget;
			buildConfigurationList = DFE47F3D1B1B6A0900F8BE84 /* Build configuration list for PBXNativeTarget "AnArmyOfOnes" */;
			buildPhases = (
				DFE47F161B1B6A0900F8BE84 /* Sources */,
				DFE47F171B1B6A0900F8BE84 /* Frameworks */,
				DFE47F181B1B6A0900F8BE84 /* Resources */,
			);
			buildRules = (
			);
			dependencies = (
			);
			name = AnArmyOfOnes;
			productName = AnArmyOfOnes;
			productReference = DFE47F1A1B1B6A0900F8BE84 /* AnArmyOfOnes.app */;
			productType = "com.apple.product-type.application";
		};
		DFE47F321B1B6A0900F8BE84 /* AnArmyOfOnesTests */ = {
			isa = PBXNativeTarget;
			buildConfigurationList = DFE47F401B1B6A0900F8BE84 /* Build configuration list for PBXNativeTarget "AnArmyOfOnesTests" */;
			buildPhases = (
				DFE47F2F1B1B6A0900F8BE84 /* Sources */,
				DFE47F301B1B6A0900F8BE84 /* Frameworks */,
				DFE47F311B1B6A0900F8BE84 /* Resources */,
			);
			buildRules = (
			);
			dependencies = (
				DFE47F351B1B6A0900F8BE84 /* PBXTargetDependency */,
			);
			name = AnArmyOfOnesTests;
			productName = AnArmyOfOnesTests;
			productReference = DFE47F331B1B6A0900F8BE84 /* AnArmyOfOnesTests.xctest */;
			productType = "com.apple.product-type.bundle.unit-test";
		};
/* End PBXNativeTarget section */

/* Begin PBXProject section */
		DFE47F121B1B6A0900F8BE84 /* Project object */ = {
			isa = PBXProject;
			attributes = {
				LastUpgradeCheck = 0630;
				ORGANIZATIONNAME = "Sonia Casas";
				TargetAttributes = {
					DFE47F191B1B6A0900F8BE84 = {
						CreatedOnToolsVersion = 6.3;
					};
					DFE47F321B1B6A0900F8BE84 = {
						CreatedOnToolsVersion = 6.3;
						TestTargetID = DFE47F191B1B6A0900F8BE84;
					};
				};
			};
			buildConfigurationList = DFE47F151B1B6A0900F8BE84 /* Build configuration list for PBXProject "AnArmyOfOnes" */;
			compatibilityVersion = "Xcode 3.2";
			developmentRegion = English;
			hasScannedForEncodings = 0;
			knownRegions = (
				en,
				Base,
			);
			mainGroup = DFE47F111B1B6A0900F8BE84;
			productRefGroup = DFE47F1B1B1B6A0900F8BE84 /* Products */;
			projectDirPath = "";
			projectRoot = "";
			targets = (
				DFE47F191B1B6A0900F8BE84 /* AnArmyOfOnes */,
				DFE47F321B1B6A0900F8BE84 /* AnArmyOfOnesTests */,
			);
		};
/* End PBXProject section */

/* Begin PBXResourcesBuildPhase section */
		DFE47F181B1B6A0900F8BE84 /* Resources */ = {
			isa = PBXResourcesBuildPhase;
			buildActionMask = 2147483647;
			files = (
				DFE47F291B1B6A0900F8BE84 /* Main.storyboard in Resources */,
				DFE47F2E1B1B6A0900F8BE84 /* LaunchScreen.xib in Resources */,
				DFE47F2B1B1B6A0900F8BE84 /* Images.xcassets in Resources */,
			);
			runOnlyForDeploymentPostprocessing = 0;
		};
		DFE47F311B1B6A0900F8BE84 /* Resources */ = {
			isa = PBXResourcesBuildPhase;
			buildActionMask = 2147483647;
			files = (
			);
			runOnlyForDeploymentPostprocessing = 0;
		};
/* End PBXResourcesBuildPhase section */

/* Begin PBXSourcesBuildPhase section */
		DFE47F161B1B6A0900F8BE84 /* Sources */ = {
			isa = PBXSourcesBuildPhase;
			buildActionMask = 2147483647;
			files = (
				DFE47F261B1B6A0900F8BE84 /* ViewController.m in Sources */,
				DFE47F231B1B6A0900F8BE84 /* AppDelegate.m in Sources */,
				DFE47F201B1B6A0900F8BE84 /* main.m in Sources */,
			);
			runOnlyForDeploymentPostprocessing = 0;
		};
		DFE47F2F1B1B6A0900F8BE84 /* Sources */ = {
			isa = PBXSourcesBuildPhase;
			buildActionMask = 2147483647;
			files = (
				DFE47F3A1B1B6A0900F8BE84 /* AnArmyOfOnesTests.m in Sources */,
			);
			runOnlyForDeploymentPostprocessing = 0;
		};
/* End PBXSourcesBuildPhase section */

/* Begin PBXTargetDependency section */
		DFE47F351B1B6A0900F8BE84 /* PBXTargetDependency */ = {
			isa = PBXTargetDependency;
			target = DFE47F191B1B6A0900F8BE84 /* AnArmyOfOnes */;
			targetProxy = DFE47F341B1B6A0900F8BE84 /* PBXContainerItemProxy */;
		};
/* End PBXTargetDependency section */

/* Begin PBXVariantGroup section */
		DFE47F271B1B6A0900F8BE84 /* Main.storyboard */ = {
			isa = PBXVariantGroup;
			children = (
				DFE47F281B1B6A0900F8BE84 /* Base */,
			);
			name = Main.storyboard;
			sourceTree = "<group>";
		};
		DFE47F2C1B1B6A0900F8BE84 /* LaunchScreen.xib */ = {
			isa = PBXVariantGroup;
			children = (
				DFE47F2D1B1B6A0900F8BE84 /* Base */,
			);
			name = LaunchScreen.xib;
			sourceTree = "<group>";
		};
/* End PBXVariantGroup section */

/* Begin XCBuildConfiguration section */
		DFE47F3B1B1B6A0900F8BE84 /* Debug */ = {
			isa = XCBuildConfiguration;
			buildSettings = {
				ALWAYS_SEARCH_USER_PATHS = NO;
				CLANG_CXX_LANGUAGE_STANDARD = "gnu++0x";
				CLANG_CXX_LIBRARY = "libc++";
				CLANG_ENABLE_MODULES = YES;
				CLANG_ENABLE_OBJC_ARC = YES;
				CLANG_WARN_BOOL_CONVERSION = YES;
				CLANG_WARN_CONSTANT_CONVERSION = YES;
				CLANG_WARN_DIRECT_OBJC_ISA_USAGE = YES_ERROR;
				CLANG_WARN_EMPTY_BODY = YES;
				CLANG_WARN_ENUM_CONVERSION = YES;
				CLANG_WARN_INT_CONVERSION = YES;
				CLANG_WARN_OBJC_ROOT_CLASS = YES_ERROR;
				CLANG_WARN_UNREACHABLE_CODE = YES;
				CLANG_WARN__DUPLICATE_METHOD_MATCH = YES;
				"CODE_SIGN_IDENTITY[sdk=iphoneos*]" = "iPhone Developer";
				COPY_PHASE_STRIP = NO;
				DEBUG_INFORMATION_FORMAT = "dwarf-with-dsym";
				ENABLE_STRICT_OBJC_MSGSEND = YES;
				GCC_C_LANGUAGE_STANDARD = gnu99;
				GCC_DYNAMIC_NO_PIC = NO;
				GCC_NO_COMMON_BLOCKS = YES;
				GCC_OPTIMIZATION_LEVEL = 0;
				GCC_PREPROCESSOR_DEFINITIONS = (
					"DEBUG=1",
					"$(inherited)",
				);
				GCC_SYMBOLS_PRIVATE_EXTERN = NO;
				GCC_WARN_64_TO_32_BIT_CONVERSION = YES;
				GCC_WARN_ABOUT_RETURN_TYPE = YES_ERROR;
				GCC_WARN_UNDECLARED_SELECTOR = YES;
				GCC_WARN_UNINITIALIZED_AUTOS = YES_AGGRESSIVE;
				GCC_WARN_UNUSED_FUNCTION = YES;
				GCC_WARN_UNUSED_VARIABLE = YES;
				IPHONEOS_DEPLOYMENT_TARGET = 8.3;
				MTL_ENABLE_DEBUG_INFO = YES;
				ONLY_ACTIVE_ARCH = YES;
				SDKROOT = iphoneos;
			};
			name = Debug;
		};
		DFE47F3C1B1B6A0900F8BE84 /* Release */ = {
			isa = XCBuildConfiguration;
			buildSettings = {
				ALWAYS_SEARCH_USER_PATHS = NO;
				CLANG_CXX_LANGUAGE_STANDARD = "gnu++0x";
				CLANG_CXX_LIBRARY = "libc++";
				CLANG_ENABLE_MODULES = YES;
				CLANG_ENABLE_OBJC_ARC = YES;
				CLANG_WARN_BOOL_CONVERSION = YES;
				CLANG_WARN_CONSTANT_CONVERSION = YES;
				CLANG_WARN_DIRECT_OBJC_ISA_USAGE = YES_ERROR;
				CLANG_WARN_EMPTY_BODY = YES;
				CLANG_WARN_ENUM_CONVERSION = YES;
				CLANG_WARN_INT_CONVERSION = YES;
				CLANG_WARN_OBJC_ROOT_CLASS = YES_ERROR;
				CLANG_WARN_UNREACHABLE_CODE = YES;
				CLANG_WARN__DUPLICATE_METHOD_MATCH = YES;
				"CODE_SIGN_IDENTITY[sdk=iphoneos*]" = "iPhone Developer";
				COPY_PHASE_STRIP = NO;
				DEBUG_INFORMATION_FORMAT = "dwarf-with-dsym";
				ENABLE_NS_ASSERTIONS = NO;
				ENABLE_STRICT_OBJC_MSGSEND = YES;
				GCC_C_LANGUAGE_STANDARD = gnu99;
				GCC_NO_COMMON_BLOCKS = YES;
				GCC_WARN_64_TO_32_BIT_CONVERSION = YES;
				GCC_WARN_ABOUT_RETURN_TYPE = YES_ERROR;
				GCC_WARN_UNDECLARED_SELECTOR = YES;
				GCC_WARN_UNINITIALIZED_AUTOS = YES_AGGRESSIVE;
				GCC_WARN_UNUSED_FUNCTION = YES;
				GCC_WARN_UNUSED_VARIABLE = YES;
				IPHONEOS_DEPLOYMENT_TARGET = 8.3;
				MTL_ENABLE_DEBUG_INFO = NO;
				SDKROOT = iphoneos;
				VALIDATE_PRODUCT = YES;
			};
			name = Release;
		};
		DFE47F3E1B1B6A0900F8BE84 /* Debug */ = {
			isa = XCBuildConfiguration;
			buildSettings = {
				ASSETCATALOG_COMPILER_APPICON_NAME = AppIcon;
				INFOPLIST_FILE = AnArmyOfOnes/Info.plist;
				LD_RUNPATH_SEARCH_PATHS = "$(inherited) @executable_path/Frameworks";
				PRODUCT_NAME = "$(TARGET_NAME)";
			};
			name = Debug;
		};
		DFE47F3F1B1B6A0900F8BE84 /* Release */ = {
			isa = XCBuildConfiguration;
			buildSettings = {
				ASSETCATALOG_COMPILER_APPICON_NAME = AppIcon;
				INFOPLIST_FILE = AnArmyOfOnes/Info.plist;
				LD_RUNPATH_SEARCH_PATHS = "$(inherited) @executable_path/Frameworks";
				PRODUCT_NAME = "$(TARGET_NAME)";
			};
			name = Release;
		};
		DFE47F411B1B6A0900F8BE84 /* Debug */ = {
			isa = XCBuildConfiguration;
			buildSettings = {
				BUNDLE_LOADER = "$(TEST_HOST)";
				FRAMEWORK_SEARCH_PATHS = (
					"$(SDKROOT)/Developer/Library/Frameworks",
					"$(inherited)",
				);
				GCC_PREPROCESSOR_DEFINITIONS = (
					"DEBUG=1",
					"$(inherited)",
				);
				INFOPLIST_FILE = AnArmyOfOnesTests/Info.plist;
				LD_RUNPATH_SEARCH_PATHS = "$(inherited) @executable_path/Frameworks @loader_path/Frameworks";
				PRODUCT_NAME = "$(TARGET_NAME)";
				TEST_HOST = "$(BUILT_PRODUCTS_DIR)/AnArmyOfOnes.app/AnArmyOfOnes";
			};
			name = Debug;
		};
		DFE47F421B1B6A0900F8BE84 /* Release */ = {
			isa = XCBuildConfiguration;
			buildSettings = {
				BUNDLE_LOADER = "$(TEST_HOST)";
				FRAMEWORK_SEARCH_PATHS = (
					"$(SDKROOT)/Developer/Library/Frameworks",
					"$(inherited)",
				);
				INFOPLIST_FILE = AnArmyOfOnesTests/Info.plist;
				LD_RUNPATH_SEARCH_PATHS = "$(inherited) @executable_path/Frameworks @loader_path/Frameworks";
				PRODUCT_NAME = "$(TARGET_NAME)";
				TEST_HOST = "$(BUILT_PRODUCTS_DIR)/AnArmyOfOnes.app/AnArmyOfOnes";
			};
			name = Release;
		};
/* End XCBuildConfiguration section */

/* Begin XCConfigurationList section */
		DFE47F151B1B6A0900F8BE84 /* Build configuration list for PBXProject "AnArmyOfOnes" */ = {
			isa = XCConfigurationList;
			buildConfigurations = (
				DFE47F3B1B1B6A0900F8BE84 /* Debug */,
				DFE47F3C1B1B6A0900F8BE84 /* Release */,
			);
			defaultConfigurationIsVisible = 0;
			defaultConfigurationName = Release;
		};
		DFE47F3D1B1B6A0900F8BE84 /* Build configuration list for PBXNativeTarget "AnArmyOfOnes" */ = {
			isa = XCConfigurationList;
			buildConfigurations = (
				DFE47F3E1B1B6A0900F8BE84 /* Debug */,
				DFE47F3F1B1B6A0900F8BE84 /* Release */,
			);
			defaultConfigurationIsVisible = 0;
		};
		DFE47F401B1B6A0900F8BE84 /* Build configuration list for PBXNativeTarget "AnArmyOfOnesTests" */ = {
			isa = XCConfigurationList;
			buildConfigurations = (
				DFE47F411B1B6A0900F8BE84 /* Debug */,
				DFE47F421B1B6A0900F8BE84 /* Release */,
			);
			defaultConfigurationIsVisible = 0;
		};
/* End XCConfigurationList section */
	};
	rootObject = DFE47F121B1B6A0900F8BE84 /* Project object */;
}
